{
  "nodes": {
    "app-bitcoin-new": {
      "flake": false,
      "locked": {
        "lastModified": 1751527834,
        "narHash": "sha256-+u5sPi2qLfGiWwm3+aBIjn4CPFIMdS9jkHP/yLDrvjg=",
        "owner": "LedgerHQ",
        "repo": "app-bitcoin-new",
        "rev": "e674f4223eb7cf3dd8defbc323b90c7c90de3908",
        "type": "github"
      },
      "original": {
        "owner": "LedgerHQ",
        "ref": "2.4.1",
        "repo": "app-bitcoin-new",
        "type": "github"
      }
    },
    "coldcard-firmware": {
      "flake": false,
      "locked": {
        "lastModified": 1777127775,
        "narHash": "sha256-Zw1jd4/LN55/o4462wtEJMUEOH4OjD3CVGPOZFpmO1c=",
        "owner": "Coldcard",
        "repo": "firmware",
        "rev": "ca06dfd2509eacfad333be9d35ed274559915d0e",
        "type": "github"
      },
      "original": {
        "owner": "Coldcard",
        "repo": "firmware",
        "type": "github"
      }
    },
    "flake-utils": {
      "inputs": {
        "systems": "systems"
      },
      "locked": {
        "lastModified": 1731533236,
        "narHash": "sha256-l0KFg5HjrsfsO/JpG+r7fRrqm12kzFHyUHqHCVpMMbI=",
        "owner": "numtide",
        "repo": "flake-utils",
        "rev": "11707dc2f618dd54ca8739b309ec4fc024de578b",
        "type": "github"
      },
      "original": {
        "owner": "numtide",
        "repo": "flake-utils",
        "type": "github"
      }
    },
    "flake-utils_2": {
      "inputs": {
        "systems": "systems_2"
      },
      "locked": {
        "lastModified": 1731533236,
        "narHash": "sha256-l0KFg5HjrsfsO/JpG+r7fRrqm12kzFHyUHqHCVpMMbI=",
        "owner": "numtide",
        "repo": "flake-utils",
        "rev": "11707dc2f618dd54ca8739b309ec4fc024de578b",
        "type": "github"
      },
      "original": {
        "owner": "numtide",
        "repo": "flake-utils",
        "type": "github"
      }
    },
    "jade-firmware": {
      "flake": false,
      "locked": {
        "lastModified": 1772102672,
        "narHash": "sha256-Aahk6zMMyxMIPl18RjoJsjLjV7Yunuer+1SSiWlBs6g=",
        "owner": "Blockstream",
        "repo": "Jade",
        "rev": "1ca0a0a475f227153070bc00e56734e0ca1fe6c2",
        "type": "github"
      },
      "original": {
        "owner": "Blockstream",
        "repo": "Jade",
        "rev": "1ca0a0a475f227153070bc00e56734e0ca1fe6c2",
        "type": "github"
      }
    },
    "jade-pinserver": {
      "flake": false,
      "locked": {
        "lastModified": 1770970125,
        "narHash": "sha256-GrbwOHOOgNbh4398Tva31QFaZFIR4d6IHdAD+gnXt0I=",
        "owner": "Blockstream",
        "repo": "blind_pin_server",
        "rev": "0205d38e75cb47f187db2efda5846cc898a85039",
        "type": "github"
      },
      "original": {
        "owner": "Blockstream",
        "repo": "blind_pin_server",
        "rev": "0205d38e75cb47f187db2efda5846cc898a85039",
        "type": "github"
      }
    },
    "nixpkgs": {
      "locked": {
        "lastModified": 1773282481,
        "narHash": "sha256-b/GV2ysM8mKHhinse2wz+uP37epUrSE+sAKXy/xvBY4=",
        "owner": "NixOS",
        "repo": "nixpkgs",
        "rev": "fe416aaedd397cacb33a610b33d60ff2b431b127",
        "type": "github"
      },
      "original": {
        "id": "nixpkgs",
        "ref": "nixos-unstable",
        "type": "indirect"
      }
    },
    "nixpkgs-coldcard": {
      "locked": {
        "lastModified": 1735563628,
        "narHash": "sha256-OnSAY7XDSx7CtDoqNh8jwVwh4xNL/2HaJxGjryLWzX8=",
        "owner": "NixOS",
        "repo": "nixpkgs",
        "rev": "b134951a4c9f3c995fd7be05f3243f8ecd65d798",
        "type": "github"
      },
      "original": {
        "owner": "NixOS",
        "ref": "nixos-24.05",
        "repo": "nixpkgs",
        "type": "github"
      }
    },
    "nixpkgs-esp-dev": {
      "inputs": {
        "flake-utils": "flake-utils_2",
        "nixpkgs": "nixpkgs_2"
      },
      "locked": {
        "lastModified": 1767865407,
        "narHash": "sha256-QWF1rZYd+HvNzLIeRS+OEBX7HF0EhWCGeLbMkgtbsIo=",
        "owner": "mirrexagon",
        "repo": "nixpkgs-esp-dev",
        "rev": "5287d6e1ca9e15ebd5113c41b9590c468e1e001b",
        "type": "github"
      },
      "original": {
        "owner": "mirrexagon",
        "repo": "nixpkgs-esp-dev",
        "type": "github"
      }
    },
    "nixpkgs_2": {
      "locked": {
        "lastModified": 1767799921,
        "narHash": "sha256-r4GVX+FToWVE2My8VVZH4V0pTIpnu2ZE8/Z4uxGEMBE=",
        "owner": "NixOS",
        "repo": "nixpkgs",
        "rev": "d351d0653aeb7877273920cd3e823994e7579b0b",
        "type": "github"
      },
      "original": {
        "owner": "NixOS",
        "ref": "nixos-25.11",
        "repo": "nixpkgs",
        "type": "github"
      }
    },
    "python-hwi": {
      "flake": false,
      "locked": {
        "lastModified": 1770690416,
        "narHash": "sha256-utNt0qaHNP6tzkhDnAMjwwNCKoMo3504oozdRpXnDEw=",
        "owner": "bitcoin-core",
        "repo": "HWI",
        "rev": "a4d66f8bc18fc2658704fc5875e9d3b33cf22b2a",
        "type": "github"
      },
      "original": {
        "owner": "bitcoin-core",
        "ref": "3.2.0",
        "repo": "HWI",
        "type": "github"
      }
    },
    "root": {
      "inputs": {
        "app-bitcoin-new": "app-bitcoin-new",
        "coldcard-firmware": "coldcard-firmware",
        "flake-utils": "flake-utils",
        "jade-firmware": "jade-firmware",
        "jade-pinserver": "jade-pinserver",
        "nixpkgs": "nixpkgs",
        "nixpkgs-coldcard": "nixpkgs-coldcard",
        "nixpkgs-esp-dev": "nixpkgs-esp-dev",
        "python-hwi": "python-hwi",
        "rust-overlay": "rust-overlay"
      }
    },
    "rust-overlay": {
      "inputs": {
        "nixpkgs": [
          "nixpkgs"
        ]
      },
      "locked": {
        "lastModified": 1773371126,
        "narHash": "sha256-SGnZQO8hnynR90Lo/1MVrTScsOPx9i26XjqSqoFOZ4E=",
        "owner": "oxalica",
        "repo": "rust-overlay",
        "rev": "475826b105eb52f39bd3281f60c052299e64d085",
        "type": "github"
      },
      "original": {
        "owner": "oxalica",
        "repo": "rust-overlay",
        "type": "github"
      }
    },
    "systems": {
      "locked": {
        "lastModified": 1681028828,
        "narHash": "sha256-Vy1rq5AaRuLzOxct8nz4T6wlgyUR7zLU309k9mBC768=",
        "owner": "nix-systems",
        "repo": "default",
        "rev": "da67096a3b9bf56a91d16901293e51ba5b49a27e",
        "type": "github"
      },
      "original": {
        "owner": "nix-systems",
        "repo": "default",
        "type": "github"
      }
    },
    "systems_2": {
      "locked": {
        "lastModified": 1681028828,
        "narHash": "sha256-Vy1rq5AaRuLzOxct8nz4T6wlgyUR7zLU309k9mBC768=",
        "owner": "nix-systems",
        "repo": "default",
        "rev": "da67096a3b9bf56a91d16901293e51ba5b49a27e",
        "type": "github"
      },
      "original": {
        "owner": "nix-systems",
        "repo": "default",
        "type": "github"
      }
    }
  },
  "root": "root",
  "version": 7
}
